
Microsoft Visual Studio Solution File, Format Version 12.00
# Visual Studio Version 17
VisualStudioVersion = 17.6.33815.320
MinimumVisualStudioVersion = 10.0.40219.1
Project("{FAE04EC0-301F-11D3-BF4B-00C04F79EFBC}") = "iGPS Help Desk", "iGPS Help Desk.csproj", "{49F54E60-1E92-4719-9BAE-419BDC8E4DF4}"
EndProject
Project("{FAE04EC0-301F-11D3-BF4B-00C04F79EFBC}") = "iGPS Help Desk.Tests", "iGPS Help Desk.Tests\iGPS Help Desk.Tests.csproj", "{1773BE66-70E4-4F66-9AA9-A3E5E0F3500E}"
EndProject
Global
	GlobalSection(SolutionConfigurationPlatforms) = preSolution
		Debug|Any CPU = Debug|Any CPU
		Release|Any CPU = Release|Any CPU
	EndGlobalSection
	GlobalSection(ProjectConfigurationPlatforms) = postSolution
		{49F54E60-1E92-4719-9BAE-419BDC8E4DF4}.Debug|Any CPU.ActiveCfg = Debug|Any CPU
		{49F54E60-1E92-4719-9BAE-419BDC8E4DF4}.Debug|Any CPU.Build.0 = Debug|Any CPU
		{49F54E60-1E92-4719-9BAE-419BDC8E4DF4}.Release|Any CPU.ActiveCfg = Release|Any CPU
		{49F54E60-1E92-4719-9BAE-419BDC8E4DF4}.Release|Any CPU.Build.0 = Release|Any CPU
		{1773BE66-70E4-4F66-9AA9-A3E5E0F3500E}.Debug|Any CPU.ActiveCfg = Debug|Any CPU
		{1773BE66-70E4-4F66-9AA9-A3E5E0F3500E}.Debug|Any CPU.Build.0 = Debug|Any CPU
		{1773BE66-70E4-4F66-9AA9-A3E5E0F3500E}.Release|Any CPU.ActiveCfg = Release|Any CPU
		{1773BE66-70E4-4F66-9AA9-A3E5E0F3500E}.Release|Any CPU.Build.0 = Release|Any CPU
	EndGlobalSection
	GlobalSection(SolutionProperties) = preSolution
		HideSolutionNode = FALSE
	EndGlobalSection
	GlobalSection(ExtensibilityGlobals) = postSolution
		SolutionGuid = {1C0725F9-3EC5-4820-864D-178375D4F32E}
	EndGlobalSection
EndGlobal
